
Microsoft Visual Studio Solution File, Format Version 12.00
# Visual Studio Version 17
VisualStudioVersion = 17.0.32126.317
MinimumVisualStudioVersion = 10.0.40219.1
Project("{FAE04EC0-301F-11D3-BF4B-00C04F79EFBC}") = "GoogleHashCode2022", "GoogleHashCode2022.csproj", "{0EFB3AF6-520A-45B4-91AE-00FABF4D27E5}"
EndProject
Global
	GlobalSection(SolutionConfigurationPlatforms) = preSolution
		Debug|Any CPU = Debug|Any CPU
		Release|Any CPU = Release|Any CPU
	EndGlobalSection
	GlobalSection(ProjectConfigurationPlatforms) = postSolution
		{0EFB3AF6-520A-45B4-91AE-00FABF4D27E5}.Debug|Any CPU.ActiveCfg = Debug|Any CPU
		{0EFB3AF6-520A-45B4-91AE-00FABF4D27E5}.Debug|Any CPU.Build.0 = Debug|Any CPU
		{0EFB3AF6-520A-45B4-91AE-00FABF4D27E5}.Release|Any CPU.ActiveCfg = Release|Any CPU
		{0EFB3AF6-520A-45B4-91AE-00FABF4D27E5}.Release|Any CPU.Build.0 = Release|Any CPU
	EndGlobalSection
	GlobalSection(SolutionProperties) = preSolution
		HideSolutionNode = FALSE
	EndGlobalSection
	GlobalSection(ExtensibilityGlobals) = postSolution
		SolutionGuid = {08BD753B-424E-4A58-8D7C-291DC165CC25}
	EndGlobalSection
EndGlobal
